// !$*UTF8*$!
{
	archiveVersion = 1;
	classes = {
	};
	objectVersion = 55;
	objects = {

/* Begin PBXBuildFile section */
		864089AC28522F3F00AB4EE6 /* Activity.swift in Sources */ = {isa = PBXBuildFile; fileRef = 864089AB28522F3F00AB4EE6 /* Activity.swift */; };
		864089AE2852300C00AB4EE6 /* ActivityManager.swift in Sources */ = {isa = PBXBuildFile; fileRef = 864089AD2852300C00AB4EE6 /* ActivityManager.swift */; };
		864089B02852301B00AB4EE6 /* ActivityManagerProtocol.swift in Sources */ = {isa = PBXBuildFile; fileRef = 864089AF2852301B00AB4EE6 /* ActivityManagerProtocol.swift */; };
		864089B3285232AC00AB4EE6 /* CategoryType.swift in Sources */ = {isa = PBXBuildFile; fileRef = 864089B2285232AC00AB4EE6 /* CategoryType.swift */; };
		864089B52852A5EF00AB4EE6 /* HomeViewController.swift in Sources */ = {isa = PBXBuildFile; fileRef = 864089B42852A5EE00AB4EE6 /* HomeViewController.swift */; };
		86D7A9662851496800D8826F /* AppDelegate.swift in Sources */ = {isa = PBXBuildFile; fileRef = 86D7A9652851496800D8826F /* AppDelegate.swift */; };
		86D7A9682851496800D8826F /* SceneDelegate.swift in Sources */ = {isa = PBXBuildFile; fileRef = 86D7A9672851496800D8826F /* SceneDelegate.swift */; };
		86D7A96A2851496800D8826F /* ViewController.swift in Sources */ = {isa = PBXBuildFile; fileRef = 86D7A9692851496800D8826F /* ViewController.swift */; };
		86D7A96D2851496800D8826F /* Main.storyboard in Resources */ = {isa = PBXBuildFile; fileRef = 86D7A96B2851496800D8826F /* Main.storyboard */; };
		86D7A96F2851496B00D8826F /* Assets.xcassets in Resources */ = {isa = PBXBuildFile; fileRef = 86D7A96E2851496B00D8826F /* Assets.xcassets */; };
		86D7A9722851496B00D8826F /* LaunchScreen.storyboard in Resources */ = {isa = PBXBuildFile; fileRef = 86D7A9702851496B00D8826F /* LaunchScreen.storyboard */; };
		86D7A98728515EE700D8826F /* RecommendationViewController.swift in Sources */ = {isa = PBXBuildFile; fileRef = 86D7A98628515EE700D8826F /* RecommendationViewController.swift */; };
/* End PBXBuildFile section */

/* Begin PBXFileReference section */
		864089AB28522F3F00AB4EE6 /* Activity.swift */ = {isa = PBXFileReference; lastKnownFileType = sourcecode.swift; path = Activity.swift; sourceTree = "<group>"; };
		864089AD2852300C00AB4EE6 /* ActivityManager.swift */ = {isa = PBXFileReference; lastKnownFileType = sourcecode.swift; path = ActivityManager.swift; sourceTree = "<group>"; };
		864089AF2852301B00AB4EE6 /* ActivityManagerProtocol.swift */ = {isa = PBXFileReference; lastKnownFileType = sourcecode.swift; path = ActivityManagerProtocol.swift; sourceTree = "<group>"; };
		864089B2285232AC00AB4EE6 /* CategoryType.swift */ = {isa = PBXFileReference; lastKnownFileType = sourcecode.swift; path = CategoryType.swift; sourceTree = "<group>"; };
		864089B42852A5EE00AB4EE6 /* HomeViewController.swift */ = {isa = PBXFileReference; lastKnownFileType = sourcecode.swift; path = HomeViewController.swift; sourceTree = "<group>"; };
		86D7A9622851496800D8826F /* NotBored-App.app */ = {isa = PBXFileReference; explicitFileType = wrapper.application; includeInIndex = 0; path = "NotBored-App.app"; sourceTree = BUILT_PRODUCTS_DIR; };
		86D7A9652851496800D8826F /* AppDelegate.swift */ = {isa = PBXFileReference; lastKnownFileType = sourcecode.swift; path = AppDelegate.swift; sourceTree = "<group>"; };
		86D7A9672851496800D8826F /* SceneDelegate.swift */ = {isa = PBXFileReference; lastKnownFileType = sourcecode.swift; path = SceneDelegate.swift; sourceTree = "<group>"; };
		86D7A9692851496800D8826F /* ViewController.swift */ = {isa = PBXFileReference; lastKnownFileType = sourcecode.swift; path = ViewController.swift; sourceTree = "<group>"; };
		86D7A96C2851496800D8826F /* Base */ = {isa = PBXFileReference; lastKnownFileType = file.storyboard; name = Base; path = Base.lproj/Main.storyboard; sourceTree = "<group>"; };
		86D7A96E2851496B00D8826F /* Assets.xcassets */ = {isa = PBXFileReference; lastKnownFileType = folder.assetcatalog; path = Assets.xcassets; sourceTree = "<group>"; };
		86D7A9712851496B00D8826F /* Base */ = {isa = PBXFileReference; lastKnownFileType = file.storyboard; name = Base; path = Base.lproj/LaunchScreen.storyboard; sourceTree = "<group>"; };
		86D7A9732851496B00D8826F /* Info.plist */ = {isa = PBXFileReference; lastKnownFileType = text.plist.xml; path = Info.plist; sourceTree = "<group>"; };
		86D7A98628515EE700D8826F /* RecommendationViewController.swift */ = {isa = PBXFileReference; lastKnownFileType = sourcecode.swift; path = RecommendationViewController.swift; sourceTree = "<group>"; };
/* End PBXFileReference section */

/* Begin PBXFrameworksBuildPhase section */
		86D7A95F2851496800D8826F /* Frameworks */ = {
			isa = PBXFrameworksBuildPhase;
			buildActionMask = 2147483647;
			files = (
			);
			runOnlyForDeploymentPostprocessing = 0;
		};
/* End PBXFrameworksBuildPhase section */

/* Begin PBXGroup section */
		864089A928522D9B00AB4EE6 /* Manager */ = {
			isa = PBXGroup;
			children = (
				864089AD2852300C00AB4EE6 /* ActivityManager.swift */,
				864089AF2852301B00AB4EE6 /* ActivityManagerProtocol.swift */,
			);
			path = Manager;
			sourceTree = "<group>";
		};
		864089AA28522DAF00AB4EE6 /* Model */ = {
			isa = PBXGroup;
			children = (
				864089AB28522F3F00AB4EE6 /* Activity.swift */,
			);
			path = Model;
			sourceTree = "<group>";
		};
		864089B12852325100AB4EE6 /* Enum */ = {
			isa = PBXGroup;
			children = (
				864089B2285232AC00AB4EE6 /* CategoryType.swift */,
			);
			path = Enum;
			sourceTree = "<group>";
		};
		86D7A9592851496800D8826F = {
			isa = PBXGroup;
			children = (
				86D7A9642851496800D8826F /* NotBored-App */,
				86D7A9632851496800D8826F /* Products */,
			);
			sourceTree = "<group>";
		};
		86D7A9632851496800D8826F /* Products */ = {
			isa = PBXGroup;
			children = (
				86D7A9622851496800D8826F /* NotBored-App.app */,
			);
			name = Products;
			sourceTree = "<group>";
		};
		86D7A9642851496800D8826F /* NotBored-App */ = {
			isa = PBXGroup;
			children = (
				864089B12852325100AB4EE6 /* Enum */,
				864089AA28522DAF00AB4EE6 /* Model */,
				864089A928522D9B00AB4EE6 /* Manager */,
				86D7A98528515E9A00D8826F /* Controller */,
				86D7A9652851496800D8826F /* AppDelegate.swift */,
				86D7A9672851496800D8826F /* SceneDelegate.swift */,
				86D7A9692851496800D8826F /* ViewController.swift */,
				86D7A96B2851496800D8826F /* Main.storyboard */,
				86D7A96E2851496B00D8826F /* Assets.xcassets */,
				86D7A9702851496B00D8826F /* LaunchScreen.storyboard */,
				86D7A9732851496B00D8826F /* Info.plist */,
			);
			path = "NotBored-App";
			sourceTree = "<group>";
		};
		86D7A98528515E9A00D8826F /* Controller */ = {
			isa = PBXGroup;
			children = (
				86D7A98628515EE700D8826F /* RecommendationViewController.swift */,
				864089B42852A5EE00AB4EE6 /* HomeViewController.swift */,
			);
			path = Controller;
			sourceTree = "<group>";
		};
/* End PBXGroup section */

/* Begin PBXNativeTarget section */
		86D7A9612851496800D8826F /* NotBored-App */ = {
			isa = PBXNativeTarget;
			buildConfigurationList = 86D7A9762851496B00D8826F /* Build configuration list for PBXNativeTarget "NotBored-App" */;
			buildPhases = (
				86D7A95E2851496800D8826F /* Sources */,
				86D7A95F2851496800D8826F /* Frameworks */,
				86D7A9602851496800D8826F /* Resources */,
			);
			buildRules = (
			);
			dependencies = (
			);
			name = "NotBored-App";
			productName = "NotBored-App";
			productReference = 86D7A9622851496800D8826F /* NotBored-App.app */;
			productType = "com.apple.product-type.application";
		};
/* End PBXNativeTarget section */

/* Begin PBXProject section */
		86D7A95A2851496800D8826F /* Project object */ = {
			isa = PBXProject;
			attributes = {
				BuildIndependentTargetsInParallel = 1;
				LastSwiftUpdateCheck = 1340;
				LastUpgradeCheck = 1340;
				TargetAttributes = {
					86D7A9612851496800D8826F = {
						CreatedOnToolsVersion = 13.4.1;
					};
				};
			};
			buildConfigurationList = 86D7A95D2851496800D8826F /* Build configuration list for PBXProject "NotBored-App" */;
			compatibilityVersion = "Xcode 13.0";
			developmentRegion = en;
			hasScannedForEncodings = 0;
			knownRegions = (
				en,
				Base,
			);
			mainGroup = 86D7A9592851496800D8826F;
			productRefGroup = 86D7A9632851496800D8826F /* Products */;
			projectDirPath = "";
			projectRoot = "";
			targets = (
				86D7A9612851496800D8826F /* NotBored-App */,
			);
		};
/* End PBXProject section */

/* Begin PBXResourcesBuildPhase section */
		86D7A9602851496800D8826F /* Resources */ = {
			isa = PBXResourcesBuildPhase;
			buildActionMask = 2147483647;
			files = (
				86D7A9722851496B00D8826F /* LaunchScreen.storyboard in Resources */,
				86D7A96F2851496B00D8826F /* Assets.xcassets in Resources */,
				86D7A96D2851496800D8826F /* Main.storyboard in Resources */,
			);
			runOnlyForDeploymentPostprocessing = 0;
		};
/* End PBXResourcesBuildPhase section */

/* Begin PBXSourcesBuildPhase section */
		86D7A95E2851496800D8826F /* Sources */ = {
			isa = PBXSourcesBuildPhase;
			buildActionMask = 2147483647;
			files = (
				864089AC28522F3F00AB4EE6 /* Activity.swift in Sources */,
				86D7A96A2851496800D8826F /* ViewController.swift in Sources */,
				864089AE2852300C00AB4EE6 /* ActivityManager.swift in Sources */,
				86D7A98728515EE700D8826F /* RecommendationViewController.swift in Sources */,
				86D7A9662851496800D8826F /* AppDelegate.swift in Sources */,
				864089B52852A5EF00AB4EE6 /* HomeViewController.swift in Sources */,
				864089B3285232AC00AB4EE6 /* CategoryType.swift in Sources */,
				864089B02852301B00AB4EE6 /* ActivityManagerProtocol.swift in Sources */,
				86D7A9682851496800D8826F /* SceneDelegate.swift in Sources */,
			);
			runOnlyForDeploymentPostprocessing = 0;
		};
/* End PBXSourcesBuildPhase section */

/* Begin PBXVariantGroup section */
		86D7A96B2851496800D8826F /* Main.storyboard */ = {
			isa = PBXVariantGroup;
			children = (
				86D7A96C2851496800D8826F /* Base */,
			);
			name = Main.storyboard;
			sourceTree = "<group>";
		};
		86D7A9702851496B00D8826F /* LaunchScreen.storyboard */ = {
			isa = PBXVariantGroup;
			children = (
				86D7A9712851496B00D8826F /* Base */,
			);
			name = LaunchScreen.storyboard;
			sourceTree = "<group>";
		};
/* End PBXVariantGroup section */

/* Begin XCBuildConfiguration section */
		86D7A9742851496B00D8826F /* Debug */ = {
			isa = XCBuildConfiguration;
			buildSettings = {
				ALWAYS_SEARCH_USER_PATHS = NO;
				CLANG_ANALYZER_NONNULL = YES;
				CLANG_ANALYZER_NUMBER_OBJECT_CONVERSION = YES_AGGRESSIVE;
				CLANG_CXX_LANGUAGE_STANDARD = "gnu++17";
				CLANG_ENABLE_MODULES = YES;
				CLANG_ENABLE_OBJC_ARC = YES;
				CLANG_ENABLE_OBJC_WEAK = YES;
				CLANG_WARN_BLOCK_CAPTURE_AUTORELEASING = YES;
				CLANG_WARN_BOOL_CONVERSION = YES;
				CLANG_WARN_COMMA = YES;
				CLANG_WARN_CONSTANT_CONVERSION = YES;
				CLANG_WARN_DEPRECATED_OBJC_IMPLEMENTATIONS = YES;
				CLANG_WARN_DIRECT_OBJC_ISA_USAGE = YES_ERROR;
				CLANG_WARN_DOCUMENTATION_COMMENTS = YES;
				CLANG_WARN_EMPTY_BODY = YES;
				CLANG_WARN_ENUM_CONVERSION = YES;
				CLANG_WARN_INFINITE_RECURSION = YES;
				CLANG_WARN_INT_CONVERSION = YES;
				CLANG_WARN_NON_LITERAL_NULL_CONVERSION = YES;
				CLANG_WARN_OBJC_IMPLICIT_RETAIN_SELF = YES;
				CLANG_WARN_OBJC_LITERAL_CONVERSION = YES;
				CLANG_WARN_OBJC_ROOT_CLASS = YES_ERROR;
				CLANG_WARN_QUOTED_INCLUDE_IN_FRAMEWORK_HEADER = YES;
				CLANG_WARN_RANGE_LOOP_ANALYSIS = YES;
				CLANG_WARN_STRICT_PROTOTYPES = YES;
				CLANG_WARN_SUSPICIOUS_MOVE = YES;
				CLANG_WARN_UNGUARDED_AVAILABILITY = YES_AGGRESSIVE;
				CLANG_WARN_UNREACHABLE_CODE = YES;
				CLANG_WARN__DUPLICATE_METHOD_MATCH = YES;
				COPY_PHASE_STRIP = NO;
				DEBUG_INFORMATION_FORMAT = dwarf;
				ENABLE_STRICT_OBJC_MSGSEND = YES;
				ENABLE_TESTABILITY = YES;
				GCC_C_LANGUAGE_STANDARD = gnu11;
				GCC_DYNAMIC_NO_PIC = NO;
				GCC_NO_COMMON_BLOCKS = YES;
				GCC_OPTIMIZATION_LEVEL = 0;
				GCC_PREPROCESSOR_DEFINITIONS = (
					"DEBUG=1",
					"$(inherited)",
				);
				GCC_WARN_64_TO_32_BIT_CONVERSION = YES;
				GCC_WARN_ABOUT_RETURN_TYPE = YES_ERROR;
				GCC_WARN_UNDECLARED_SELECTOR = YES;
				GCC_WARN_UNINITIALIZED_AUTOS = YES_AGGRESSIVE;
				GCC_WARN_UNUSED_FUNCTION = YES;
				GCC_WARN_UNUSED_VARIABLE = YES;
				IPHONEOS_DEPLOYMENT_TARGET = 15.5;
				MTL_ENABLE_DEBUG_INFO = INCLUDE_SOURCE;
				MTL_FAST_MATH = YES;
				ONLY_ACTIVE_ARCH = YES;
				SDKROOT = iphoneos;
				SWIFT_ACTIVE_COMPILATION_CONDITIONS = DEBUG;
				SWIFT_OPTIMIZATION_LEVEL = "-Onone";
			};
			name = Debug;
		};
		86D7A9752851496B00D8826F /* Release */ = {
			isa = XCBuildConfiguration;
			buildSettings = {
				ALWAYS_SEARCH_USER_PATHS = NO;
				CLANG_ANALYZER_NONNULL = YES;
				CLANG_ANALYZER_NUMBER_OBJECT_CONVERSION = YES_AGGRESSIVE;
				CLANG_CXX_LANGUAGE_STANDARD = "gnu++17";
				CLANG_ENABLE_MODULES = YES;
				CLANG_ENABLE_OBJC_ARC = YES;
				CLANG_ENABLE_OBJC_WEAK = YES;
				CLANG_WARN_BLOCK_CAPTURE_AUTORELEASING = YES;
				CLANG_WARN_BOOL_CONVERSION = YES;
				CLANG_WARN_COMMA = YES;
				CLANG_WARN_CONSTANT_CONVERSION = YES;
				CLANG_WARN_DEPRECATED_OBJC_IMPLEMENTATIONS = YES;
				CLANG_WARN_DIRECT_OBJC_ISA_USAGE = YES_ERROR;
				CLANG_WARN_DOCUMENTATION_COMMENTS = YES;
				CLANG_WARN_EMPTY_BODY = YES;
				CLANG_WARN_ENUM_CONVERSION = YES;
				CLANG_WARN_INFINITE_RECURSION = YES;
				CLANG_WARN_INT_CONVERSION = YES;
				CLANG_WARN_NON_LITERAL_NULL_CONVERSION = YES;
				CLANG_WARN_OBJC_IMPLICIT_RETAIN_SELF = YES;
				CLANG_WARN_OBJC_LITERAL_CONVERSION = YES;
				CLANG_WARN_OBJC_ROOT_CLASS = YES_ERROR;
				CLANG_WARN_QUOTED_INCLUDE_IN_FRAMEWORK_HEADER = YES;
				CLANG_WARN_RANGE_LOOP_ANALYSIS = YES;
				CLANG_WARN_STRICT_PROTOTYPES = YES;
				CLANG_WARN_SUSPICIOUS_MOVE = YES;
				CLANG_WARN_UNGUARDED_AVAILABILITY = YES_AGGRESSIVE;
				CLANG_WARN_UNREACHABLE_CODE = YES;
				CLANG_WARN__DUPLICATE_METHOD_MATCH = YES;
				COPY_PHASE_STRIP = NO;
				DEBUG_INFORMATION_FORMAT = "dwarf-with-dsym";
				ENABLE_NS_ASSERTIONS = NO;
				ENABLE_STRICT_OBJC_MSGSEND = YES;
				GCC_C_LANGUAGE_STANDARD = gnu11;
				GCC_NO_COMMON_BLOCKS = YES;
				GCC_WARN_64_TO_32_BIT_CONVERSION = YES;
				GCC_WARN_ABOUT_RETURN_TYPE = YES_ERROR;
				GCC_WARN_UNDECLARED_SELECTOR = YES;
				GCC_WARN_UNINITIALIZED_AUTOS = YES_AGGRESSIVE;
				GCC_WARN_UNUSED_FUNCTION = YES;
				GCC_WARN_UNUSED_VARIABLE = YES;
				IPHONEOS_DEPLOYMENT_TARGET = 15.5;
				MTL_ENABLE_DEBUG_INFO = NO;
				MTL_FAST_MATH = YES;
				SDKROOT = iphoneos;
				SWIFT_COMPILATION_MODE = wholemodule;
				SWIFT_OPTIMIZATION_LEVEL = "-O";
				VALIDATE_PRODUCT = YES;
			};
			name = Release;
		};
		86D7A9772851496B00D8826F /* Debug */ = {
			isa = XCBuildConfiguration;
			buildSettings = {
				ASSETCATALOG_COMPILER_APPICON_NAME = AppIcon;
				ASSETCATALOG_COMPILER_GLOBAL_ACCENT_COLOR_NAME = AccentColor;
				CODE_SIGN_STYLE = Automatic;
				CURRENT_PROJECT_VERSION = 1;
				DEVELOPMENT_TEAM = L9G7SWK945;
				GENERATE_INFOPLIST_FILE = YES;
				INFOPLIST_FILE = "NotBored-App/Info.plist";
				INFOPLIST_KEY_UIApplicationSupportsIndirectInputEvents = YES;
				INFOPLIST_KEY_UILaunchStoryboardName = LaunchScreen;
				INFOPLIST_KEY_UIMainStoryboardFile = Main;
				INFOPLIST_KEY_UISupportedInterfaceOrientations_iPad = "UIInterfaceOrientationPortrait UIInterfaceOrientationPortraitUpsideDown UIInterfaceOrientationLandscapeLeft UIInterfaceOrientationLandscapeRight";
				INFOPLIST_KEY_UISupportedInterfaceOrientations_iPhone = "UIInterfaceOrientationPortrait UIInterfaceOrientationLandscapeLeft UIInterfaceOrientationLandscapeRight";
				LD_RUNPATH_SEARCH_PATHS = (
					"$(inherited)",
					"@executable_path/Frameworks",
				);
				MARKETING_VERSION = 1.0;
				PRODUCT_BUNDLE_IDENTIFIER = "com.accenture.NotBored-App";
				PRODUCT_NAME = "$(TARGET_NAME)";
				SWIFT_EMIT_LOC_STRINGS = YES;
				SWIFT_VERSION = 5.0;
				TARGETED_DEVICE_FAMILY = "1,2";
			};
			name = Debug;
		};
		86D7A9782851496B00D8826F /* Release */ = {
			isa = XCBuildConfiguration;
			buildSettings = {
				ASSETCATALOG_COMPILER_APPICON_NAME = AppIcon;
				ASSETCATALOG_COMPILER_GLOBAL_ACCENT_COLOR_NAME = AccentColor;
				CODE_SIGN_STYLE = Automatic;
				CURRENT_PROJECT_VERSION = 1;
				DEVELOPMENT_TEAM = L9G7SWK945;
				GENERATE_INFOPLIST_FILE = YES;
				INFOPLIST_FILE = "NotBored-App/Info.plist";
				INFOPLIST_KEY_UIApplicationSupportsIndirectInputEvents = YES;
				INFOPLIST_KEY_UILaunchStoryboardName = LaunchScreen;
				INFOPLIST_KEY_UIMainStoryboardFile = Main;
				INFOPLIST_KEY_UISupportedInterfaceOrientations_iPad = "UIInterfaceOrientationPortrait UIInterfaceOrientationPortraitUpsideDown UIInterfaceOrientationLandscapeLeft UIInterfaceOrientationLandscapeRight";
				INFOPLIST_KEY_UISupportedInterfaceOrientations_iPhone = "UIInterfaceOrientationPortrait UIInterfaceOrientationLandscapeLeft UIInterfaceOrientationLandscapeRight";
				LD_RUNPATH_SEARCH_PATHS = (
					"$(inherited)",
					"@executable_path/Frameworks",
				);
				MARKETING_VERSION = 1.0;
				PRODUCT_BUNDLE_IDENTIFIER = "com.accenture.NotBored-App";
				PRODUCT_NAME = "$(TARGET_NAME)";
				SWIFT_EMIT_LOC_STRINGS = YES;
				SWIFT_VERSION = 5.0;
				TARGETED_DEVICE_FAMILY = "1,2";
			};
			name = Release;
		};
/* End XCBuildConfiguration section */

/* Begin XCConfigurationList section */
		86D7A95D2851496800D8826F /* Build configuration list for PBXProject "NotBored-App" */ = {
			isa = XCConfigurationList;
			buildConfigurations = (
				86D7A9742851496B00D8826F /* Debug */,
				86D7A9752851496B00D8826F /* Release */,
			);
			defaultConfigurationIsVisible = 0;
			defaultConfigurationName = Release;
		};
		86D7A9762851496B00D8826F /* Build configuration list for PBXNativeTarget "NotBored-App" */ = {
			isa = XCConfigurationList;
			buildConfigurations = (
				86D7A9772851496B00D8826F /* Debug */,
				86D7A9782851496B00D8826F /* Release */,
			);
			defaultConfigurationIsVisible = 0;
			defaultConfigurationName = Release;
		};
/* End XCConfigurationList section */
	};
	rootObject = 86D7A95A2851496800D8826F /* Project object */;
}
